
Microsoft Visual Studio Solution File, Format Version 12.00
# Visual Studio Version 16
# Copyright 2021 Yubico AB
# 
# Licensed under the Apache License, Version 2.0 (the "License").
# You may not use this file except in compliance with the License.
# You may obtain a copy of the License at
# 
#     http://www.apache.org/licenses/LICENSE-2.0
# 
# Unless required by applicable law or agreed to in writing, software
# distributed under the License is distributed on an "AS IS" BASIS,
# WITHOUT WARRANTIES OR CONDITIONS OF ANY KIND, either express or implied.
# See the License for the specific language governing permissions and
# limitations under the License.
VisualStudioVersion = 16.0.30523.141
MinimumVisualStudioVersion = 10.0.40219.1
Project("{9A19103F-16F7-4668-BE54-9A1E7A4F7556}") = "OathSampleCode", "OathSampleCode.csproj", "{FE2E4BA2-AB82-4F29-BA25-A65B03BC703A}"
EndProject
Project("{9A19103F-16F7-4668-BE54-9A1E7A4F7556}") = "SharedSampleCode", "..\SharedSampleCode\SharedSampleCode.csproj", "{BD835D31-5565-4314-A39E-33043B4D6200}"
EndProject
Global
	GlobalSection(SolutionConfigurationPlatforms) = preSolution
		Debug|Any CPU = Debug|Any CPU
		Release|Any CPU = Release|Any CPU
	EndGlobalSection
	GlobalSection(ProjectConfigurationPlatforms) = postSolution
		{FE2E4BA2-AB82-4F29-BA25-A65B03BC703A}.Debug|Any CPU.ActiveCfg = Debug|Any CPU
		{FE2E4BA2-AB82-4F29-BA25-A65B03BC703A}.Debug|Any CPU.Build.0 = Debug|Any CPU
		{FE2E4BA2-AB82-4F29-BA25-A65B03BC703A}.Release|Any CPU.ActiveCfg = Release|Any CPU
		{FE2E4BA2-AB82-4F29-BA25-A65B03BC703A}.Release|Any CPU.Build.0 = Release|Any CPU
		{BD835D31-5565-4314-A39E-33043B4D6200}.Debug|Any CPU.ActiveCfg = Debug|Any CPU
		{BD835D31-5565-4314-A39E-33043B4D6200}.Debug|Any CPU.Build.0 = Debug|Any CPU
		{BD835D31-5565-4314-A39E-33043B4D6200}.Release|Any CPU.ActiveCfg = Release|Any CPU
		{BD835D31-5565-4314-A39E-33043B4D6200}.Release|Any CPU.Build.0 = Release|Any CPU
	EndGlobalSection
	GlobalSection(SolutionProperties) = preSolution
		HideSolutionNode = FALSE
	EndGlobalSection
	GlobalSection(ExtensibilityGlobals) = postSolution
		SolutionGuid = {5EA5ABE0-2470-45BF-BF99-1B8C394DC89A}
	EndGlobalSection
EndGlobal
