Microsoft Visual Studio Solution File, Format Version 12.00
# Visual Studio Version 17
VisualStudioVersion = 17.5.2.0
MinimumVisualStudioVersion = 10.0.40219.1
Project("{FAE04EC0-301F-11D3-BF4B-00C04F79EFBC}") = "Yubico.YubiKit.Core", "Yubico.YubiKit.Core\src\Yubico.YubiKit.Core.csproj", "{55933217-B9D6-4D18-AB08-F4B10AEF83C3}"
EndProject
Project("{FAE04EC0-301F-11D3-BF4B-00C04F79EFBC}") = "Yubico.YubiKit.Management", "Yubico.YubiKit.Management\src\Yubico.YubiKit.Management.csproj", "{61A3106B-B029-4B55-8F93-70F79F2257C8}"
EndProject
Project("{2150E333-8FDC-42A3-9474-1A3956D46DE8}") = "Management", "Management", "{29556DAF-D256-48EA-BE95-94E86BFE0D22}"
EndProject
Project("{2150E333-8FDC-42A3-9474-1A3956D46DE8}") = "Core", "Core", "{6BC51303-7F02-4271-99ED-4FB0EF4845D8}"
EndProject
Project("{FAE04EC0-301F-11D3-BF4B-00C04F79EFBC}") = "Yubico.YubiKit.Management.IntegrationTests", "Yubico.YubiKit.Management\tests\Yubico.YubiKit.Management.IntegrationTests\Yubico.YubiKit.Management.IntegrationTests.csproj", "{145CCD23-4ED6-443D-B520-3ED1F375A63F}"
EndProject
Project("{FAE04EC0-301F-11D3-BF4B-00C04F79EFBC}") = "Yubico.YubiKit.Core.IntegrationTests", "Yubico.YubiKit.Core\tests\Yubico.YubiKit.Core.IntegrationTests\Yubico.YubiKit.Core.IntegrationTests.csproj", "{77FE41B9-A511-4546-B546-622E549CF6DF}"
EndProject
Project("{FAE04EC0-301F-11D3-BF4B-00C04F79EFBC}") = "Yubico.YubiKit.Core.UnitTests", "Yubico.YubiKit.Core\tests\Yubico.YubiKit.Core.UnitTests\Yubico.YubiKit.Core.UnitTests.csproj", "{C344BDA9-9415-4F4A-9667-EBBE4EF6ABA6}"
EndProject
Project("{FAE04EC0-301F-11D3-BF4B-00C04F79EFBC}") = "Yubico.YubiKit.Management.UnitTests", "Yubico.YubiKit.Management\tests\Yubico.YubiKit.Management.UnitTests\Yubico.YubiKit.Management.UnitTests.csproj", "{580B62D6-CCF0-43B9-A414-FBD7F47136FB}"
EndProject
Global
	GlobalSection(SolutionConfigurationPlatforms) = preSolution
		Debug|Any CPU = Debug|Any CPU
		Release|Any CPU = Release|Any CPU
	EndGlobalSection
	GlobalSection(ProjectConfigurationPlatforms) = postSolution
		{55933217-B9D6-4D18-AB08-F4B10AEF83C3}.Debug|Any CPU.ActiveCfg = Debug|Any CPU
		{55933217-B9D6-4D18-AB08-F4B10AEF83C3}.Debug|Any CPU.Build.0 = Debug|Any CPU
		{55933217-B9D6-4D18-AB08-F4B10AEF83C3}.Release|Any CPU.ActiveCfg = Release|Any CPU
		{55933217-B9D6-4D18-AB08-F4B10AEF83C3}.Release|Any CPU.Build.0 = Release|Any CPU
		{61A3106B-B029-4B55-8F93-70F79F2257C8}.Debug|Any CPU.ActiveCfg = Debug|Any CPU
		{61A3106B-B029-4B55-8F93-70F79F2257C8}.Debug|Any CPU.Build.0 = Debug|Any CPU
		{61A3106B-B029-4B55-8F93-70F79F2257C8}.Release|Any CPU.ActiveCfg = Release|Any CPU
		{61A3106B-B029-4B55-8F93-70F79F2257C8}.Release|Any CPU.Build.0 = Release|Any CPU
		{145CCD23-4ED6-443D-B520-3ED1F375A63F}.Debug|Any CPU.ActiveCfg = Debug|Any CPU
		{145CCD23-4ED6-443D-B520-3ED1F375A63F}.Debug|Any CPU.Build.0 = Debug|Any CPU
		{145CCD23-4ED6-443D-B520-3ED1F375A63F}.Release|Any CPU.ActiveCfg = Release|Any CPU
		{145CCD23-4ED6-443D-B520-3ED1F375A63F}.Release|Any CPU.Build.0 = Release|Any CPU
		{77FE41B9-A511-4546-B546-622E549CF6DF}.Debug|Any CPU.ActiveCfg = Debug|Any CPU
		{77FE41B9-A511-4546-B546-622E549CF6DF}.Debug|Any CPU.Build.0 = Debug|Any CPU
		{77FE41B9-A511-4546-B546-622E549CF6DF}.Release|Any CPU.ActiveCfg = Release|Any CPU
		{77FE41B9-A511-4546-B546-622E549CF6DF}.Release|Any CPU.Build.0 = Release|Any CPU
		{C344BDA9-9415-4F4A-9667-EBBE4EF6ABA6}.Debug|Any CPU.ActiveCfg = Debug|Any CPU
		{C344BDA9-9415-4F4A-9667-EBBE4EF6ABA6}.Debug|Any CPU.Build.0 = Debug|Any CPU
		{C344BDA9-9415-4F4A-9667-EBBE4EF6ABA6}.Release|Any CPU.ActiveCfg = Release|Any CPU
		{C344BDA9-9415-4F4A-9667-EBBE4EF6ABA6}.Release|Any CPU.Build.0 = Release|Any CPU
		{580B62D6-CCF0-43B9-A414-FBD7F47136FB}.Debug|Any CPU.ActiveCfg = Debug|Any CPU
		{580B62D6-CCF0-43B9-A414-FBD7F47136FB}.Debug|Any CPU.Build.0 = Debug|Any CPU
		{580B62D6-CCF0-43B9-A414-FBD7F47136FB}.Release|Any CPU.ActiveCfg = Release|Any CPU
		{580B62D6-CCF0-43B9-A414-FBD7F47136FB}.Release|Any CPU.Build.0 = Release|Any CPU
	EndGlobalSection
	GlobalSection(SolutionProperties) = preSolution
		HideSolutionNode = FALSE
	EndGlobalSection
	GlobalSection(ExtensibilityGlobals) = postSolution
		SolutionGuid = {A15F6F16-41BD-43F1-BF4A-17B4695A4D45}
	EndGlobalSection
	GlobalSection(NestedProjects) = preSolution
		{61A3106B-B029-4B55-8F93-70F79F2257C8} = {29556DAF-D256-48EA-BE95-94E86BFE0D22}
		{55933217-B9D6-4D18-AB08-F4B10AEF83C3} = {6BC51303-7F02-4271-99ED-4FB0EF4845D8}
		{145CCD23-4ED6-443D-B520-3ED1F375A63F} = {29556DAF-D256-48EA-BE95-94E86BFE0D22}
		{77FE41B9-A511-4546-B546-622E549CF6DF} = {6BC51303-7F02-4271-99ED-4FB0EF4845D8}
		{C344BDA9-9415-4F4A-9667-EBBE4EF6ABA6} = {6BC51303-7F02-4271-99ED-4FB0EF4845D8}
		{580B62D6-CCF0-43B9-A414-FBD7F47136FB} = {29556DAF-D256-48EA-BE95-94E86BFE0D22}
	EndGlobalSection
EndGlobal
