
Microsoft Visual Studio Solution File, Format Version 12.00
# Visual Studio Version 17
VisualStudioVersion = 17.5.2.0
MinimumVisualStudioVersion = 10.0.40219.1
Project("{FAE04EC0-301F-11D3-BF4B-00C04F79EFBC}") = "Yubico.YubiKit.Core", "Yubico.YubiKit.Core\src\Yubico.YubiKit.Core.csproj", "{55933217-B9D6-4D18-AB08-F4B10AEF83C3}"
EndProject
Project("{FAE04EC0-301F-11D3-BF4B-00C04F79EFBC}") = "Yubico.YubiKit.Management", "Yubico.YubiKit.Management\src\Yubico.YubiKit.Management.csproj", "{61A3106B-B029-4B55-8F93-70F79F2257C8}"
EndProject
Project("{2150E333-8FDC-42A3-9474-1A3956D46DE8}") = "Management", "Management", "{29556DAF-D256-48EA-BE95-94E86BFE0D22}"
EndProject
Project("{2150E333-8FDC-42A3-9474-1A3956D46DE8}") = "Core", "Core", "{6BC51303-7F02-4271-99ED-4FB0EF4845D8}"
EndProject
Project("{FAE04EC0-301F-11D3-BF4B-00C04F79EFBC}") = "Yubico.YubiKit.Management.IntegrationTests", "Yubico.YubiKit.Management\tests\Yubico.YubiKit.Management.IntegrationTests\Yubico.YubiKit.Management.IntegrationTests.csproj", "{145CCD23-4ED6-443D-B520-3ED1F375A63F}"
EndProject
Project("{FAE04EC0-301F-11D3-BF4B-00C04F79EFBC}") = "Yubico.YubiKit.Core.IntegrationTests", "Yubico.YubiKit.Core\tests\Yubico.YubiKit.Core.IntegrationTests\Yubico.YubiKit.Core.IntegrationTests.csproj", "{77FE41B9-A511-4546-B546-622E549CF6DF}"
EndProject
Project("{FAE04EC0-301F-11D3-BF4B-00C04F79EFBC}") = "Yubico.YubiKit.Core.UnitTests", "Yubico.YubiKit.Core\tests\Yubico.YubiKit.Core.UnitTests\Yubico.YubiKit.Core.UnitTests.csproj", "{C344BDA9-9415-4F4A-9667-EBBE4EF6ABA6}"
EndProject
Project("{FAE04EC0-301F-11D3-BF4B-00C04F79EFBC}") = "Yubico.YubiKit.Management.UnitTests", "Yubico.YubiKit.Management\tests\Yubico.YubiKit.Management.UnitTests\Yubico.YubiKit.Management.UnitTests.csproj", "{580B62D6-CCF0-43B9-A414-FBD7F47136FB}"
EndProject
Project("{FAE04EC0-301F-11D3-BF4B-00C04F79EFBC}") = "Yubico.YubiKit.Tests.Shared", "Yubico.YubiKit.Tests.Shared\Yubico.YubiKit.Tests.Shared.csproj", "{C7A6467C-78A6-46BB-9FBA-DF8F1A94E2C7}"
EndProject
Project("{2150E333-8FDC-42A3-9474-1A3956D46DE8}") = "SolutionItems", "SolutionItems", "{84F8A6A2-2296-4DD5-8CF7-04249163AA8B}"
	ProjectSection(SolutionItems) = preProject
		Directory.Build.targets = Directory.Build.targets
		Directory.Build.props = Directory.Build.props
		Directory.Packages.props = Directory.Packages.props
		build.cs = build.cs
		BUILD.md = BUILD.md
		README.md = README.md
	EndProjectSection
EndProject
Project("{2150E333-8FDC-42A3-9474-1A3956D46DE8}") = "Piv", "Piv", "{FCB028EE-3C3B-4880-02AA-3A3FE9961568}"
EndProject
Project("{FAE04EC0-301F-11D3-BF4B-00C04F79EFBC}") = "Yubico.YubiKit.Piv", "Yubico.YubiKit.Piv\src\Yubico.YubiKit.Piv.csproj", "{41AA3C7D-DC51-44C2-A5C8-1E6543A0AEF5}"
EndProject
Project("{FAE04EC0-301F-11D3-BF4B-00C04F79EFBC}") = "Yubico.YubiKit.Piv.UnitTests", "Yubico.YubiKit.Piv\tests\Yubico.YubiKit.Piv.UnitTests\Yubico.YubiKit.Piv.UnitTests.csproj", "{A6C19E70-3600-4A43-ABFA-975F494B30A9}"
EndProject
Project("{FAE04EC0-301F-11D3-BF4B-00C04F79EFBC}") = "Yubico.YubiKit.Piv.IntegrationTests", "Yubico.YubiKit.Piv\tests\Yubico.YubiKit.Piv.IntegrationTests\Yubico.YubiKit.Piv.IntegrationTests.csproj", "{9495B036-DB74-48C3-9063-276915E1D9F5}"
EndProject
Project("{2150E333-8FDC-42A3-9474-1A3956D46DE8}") = "Fido2", "Fido2", "{51E56800-A682-637B-22A4-3BC77FC77BA1}"
EndProject
Project("{FAE04EC0-301F-11D3-BF4B-00C04F79EFBC}") = "Yubico.YubiKit.Fido2", "Yubico.YubiKit.Fido2\src\Yubico.YubiKit.Fido2.csproj", "{A349BF39-72AB-4C36-91A6-D32BF5C69335}"
EndProject
Project("{FAE04EC0-301F-11D3-BF4B-00C04F79EFBC}") = "Yubico.YubiKit.Fido2.UnitTests", "Yubico.YubiKit.Fido2\tests\Yubico.YubiKit.Fido2.UnitTests\Yubico.YubiKit.Fido2.UnitTests.csproj", "{F0197B15-101A-425D-A806-41A147DAB616}"
EndProject
Project("{FAE04EC0-301F-11D3-BF4B-00C04F79EFBC}") = "Yubico.YubiKit.Fido2.IntegrationTests", "Yubico.YubiKit.Fido2\tests\Yubico.YubiKit.Fido2.IntegrationTests\Yubico.YubiKit.Fido2.IntegrationTests.csproj", "{E4725041-8CBA-4B47-AD9D-54C3C1426300}"
EndProject
Project("{2150E333-8FDC-42A3-9474-1A3956D46DE8}") = "SecurityDomain", "SecurityDomain", "{F2480220-81FA-427B-4AAF-84FFB7AA017A}"
EndProject
Project("{FAE04EC0-301F-11D3-BF4B-00C04F79EFBC}") = "Yubico.YubiKit.SecurityDomain", "Yubico.YubiKit.SecurityDomain\src\Yubico.YubiKit.SecurityDomain.csproj", "{B3DD879C-0BB5-48F3-9417-BB239D9DA76C}"
EndProject
Project("{FAE04EC0-301F-11D3-BF4B-00C04F79EFBC}") = "Yubico.YubiKit.SecurityDomain.UnitTests", "Yubico.YubiKit.SecurityDomain\tests\Yubico.YubiKit.SecurityDomain.UnitTests\Yubico.YubiKit.SecurityDomain.UnitTests.csproj", "{980CFD1C-3167-40CD-B24F-98B4209E64B2}"
EndProject
Project("{FAE04EC0-301F-11D3-BF4B-00C04F79EFBC}") = "Yubico.YubiKit.SecurityDomain.IntegrationTests", "Yubico.YubiKit.SecurityDomain\tests\Yubico.YubiKit.SecurityDomain.IntegrationTests\Yubico.YubiKit.SecurityDomain.IntegrationTests.csproj", "{A638DF9D-20B7-44FD-963F-C155629C80BF}"
EndProject
Project("{2150E333-8FDC-42A3-9474-1A3956D46DE8}") = "Oath", "Oath", "{5580EB4C-A97D-3F56-7F83-5211FD8E74B8}"
EndProject
Project("{FAE04EC0-301F-11D3-BF4B-00C04F79EFBC}") = "Yubico.YubiKit.Oath", "Yubico.YubiKit.Oath\src\Yubico.YubiKit.Oath.csproj", "{46BC1BB4-654F-4AB1-A7A9-5CC8AE94EB29}"
EndProject
Project("{FAE04EC0-301F-11D3-BF4B-00C04F79EFBC}") = "Yubico.YubiKit.Oath.UnitTests", "Yubico.YubiKit.Oath\tests\Yubico.YubiKit.Oath.UnitTests\Yubico.YubiKit.Oath.UnitTests.csproj", "{3F51838A-FDAC-4193-805E-41CB2983AE2B}"
EndProject
Project("{FAE04EC0-301F-11D3-BF4B-00C04F79EFBC}") = "Yubico.YubiKit.Oath.IntegrationTests", "Yubico.YubiKit.Oath\tests\Yubico.YubiKit.Oath.IntegrationTests\Yubico.YubiKit.Oath.IntegrationTests.csproj", "{3CDBC4B0-ABF4-4646-A7BA-A028881C0756}"
EndProject
Project("{2150E333-8FDC-42A3-9474-1A3956D46DE8}") = "YubiHsm", "YubiHsm", "{502A3771-F1A2-C5AE-E304-4CB2B675D6C7}"
EndProject
Project("{FAE04EC0-301F-11D3-BF4B-00C04F79EFBC}") = "Yubico.YubiKit.YubiHsm", "Yubico.YubiKit.YubiHsm\src\Yubico.YubiKit.YubiHsm.csproj", "{594FD35A-2751-4980-BE0E-954424E7D3D0}"
EndProject
Project("{FAE04EC0-301F-11D3-BF4B-00C04F79EFBC}") = "Yubico.YubiKit.YubiHsm.UnitTests", "Yubico.YubiKit.YubiHsm\tests\Yubico.YubiKit.YubiHsm.UnitTests\Yubico.YubiKit.YubiHsm.UnitTests.csproj", "{3AF7FBDB-9E1C-41C8-84A0-C93DF1D15CBC}"
EndProject
Project("{FAE04EC0-301F-11D3-BF4B-00C04F79EFBC}") = "Yubico.YubiKit.YubiHsm.IntegrationTests", "Yubico.YubiKit.YubiHsm\tests\Yubico.YubiKit.YubiHsm.IntegrationTests\Yubico.YubiKit.YubiHsm.IntegrationTests.csproj", "{92EB6904-92D2-4B4B-9871-5A8D1BDB08B7}"
EndProject
Project("{2150E333-8FDC-42A3-9474-1A3956D46DE8}") = "YubiOtp", "YubiOtp", "{B22083BC-7E17-C41F-F5A4-83AD80AC64A6}"
EndProject
Project("{FAE04EC0-301F-11D3-BF4B-00C04F79EFBC}") = "Yubico.YubiKit.YubiOtp", "Yubico.YubiKit.YubiOtp\src\Yubico.YubiKit.YubiOtp.csproj", "{FAA756B3-E7E2-4762-88AA-7D6EB4E7C807}"
EndProject
Project("{FAE04EC0-301F-11D3-BF4B-00C04F79EFBC}") = "Yubico.YubiKit.YubiOtp.UnitTests", "Yubico.YubiKit.YubiOtp\tests\Yubico.YubiKit.YubiOtp.UnitTests\Yubico.YubiKit.YubiOtp.UnitTests.csproj", "{AD89C43E-D937-4BCA-886D-E0131A4992F5}"
EndProject
Project("{FAE04EC0-301F-11D3-BF4B-00C04F79EFBC}") = "Yubico.YubiKit.YubiOtp.IntegrationTests", "Yubico.YubiKit.YubiOtp\tests\Yubico.YubiKit.YubiOtp.IntegrationTests\Yubico.YubiKit.YubiOtp.IntegrationTests.csproj", "{4079B42F-58FB-4549-8A1E-D3C203410AEC}"
EndProject
Project("{2150E333-8FDC-42A3-9474-1A3956D46DE8}") = "OpenPgp", "OpenPgp", "{A5BDC44E-1E16-6059-A821-C8C236504AAA}"
EndProject
Project("{FAE04EC0-301F-11D3-BF4B-00C04F79EFBC}") = "Yubico.YubiKit.OpenPgp", "Yubico.YubiKit.OpenPgp\src\Yubico.YubiKit.OpenPgp.csproj", "{94E25705-295C-4BEB-9DC9-9AB862738B8D}"
EndProject
Project("{FAE04EC0-301F-11D3-BF4B-00C04F79EFBC}") = "Yubico.YubiKit.OpenPgp.UnitTests", "Yubico.YubiKit.OpenPgp\tests\Yubico.YubiKit.OpenPgp.UnitTests\Yubico.YubiKit.OpenPgp.UnitTests.csproj", "{1F9F7F46-43B4-4DB1-BAD8-AD508EB7B326}"
EndProject
Project("{FAE04EC0-301F-11D3-BF4B-00C04F79EFBC}") = "Yubico.YubiKit.OpenPgp.IntegrationTests", "Yubico.YubiKit.OpenPgp\tests\Yubico.YubiKit.OpenPgp.IntegrationTests\Yubico.YubiKit.OpenPgp.IntegrationTests.csproj", "{64153330-5664-4099-A821-B33BD5B51ED5}"
EndProject
Project("{FAE04EC0-301F-11D3-BF4B-00C04F79EFBC}") = "Yubico.YubiKit.Tests.TestProject", "Yubico.YubiKit.Tests.TestProject\Yubico.YubiKit.Tests.TestProject.csproj", "{BE618201-B609-462D-B222-14C7A7F9EF45}"
EndProject
Global
	GlobalSection(SolutionConfigurationPlatforms) = preSolution
		Debug|Any CPU = Debug|Any CPU
		Debug|x64 = Debug|x64
		Debug|x86 = Debug|x86
		Release|Any CPU = Release|Any CPU
		Release|x64 = Release|x64
		Release|x86 = Release|x86
	EndGlobalSection
	GlobalSection(ProjectConfigurationPlatforms) = postSolution
		{55933217-B9D6-4D18-AB08-F4B10AEF83C3}.Debug|Any CPU.ActiveCfg = Debug|Any CPU
		{55933217-B9D6-4D18-AB08-F4B10AEF83C3}.Debug|Any CPU.Build.0 = Debug|Any CPU
		{55933217-B9D6-4D18-AB08-F4B10AEF83C3}.Debug|x64.ActiveCfg = Debug|Any CPU
		{55933217-B9D6-4D18-AB08-F4B10AEF83C3}.Debug|x64.Build.0 = Debug|Any CPU
		{55933217-B9D6-4D18-AB08-F4B10AEF83C3}.Debug|x86.ActiveCfg = Debug|Any CPU
		{55933217-B9D6-4D18-AB08-F4B10AEF83C3}.Debug|x86.Build.0 = Debug|Any CPU
		{55933217-B9D6-4D18-AB08-F4B10AEF83C3}.Release|Any CPU.ActiveCfg = Release|Any CPU
		{55933217-B9D6-4D18-AB08-F4B10AEF83C3}.Release|Any CPU.Build.0 = Release|Any CPU
		{55933217-B9D6-4D18-AB08-F4B10AEF83C3}.Release|x64.ActiveCfg = Release|Any CPU
		{55933217-B9D6-4D18-AB08-F4B10AEF83C3}.Release|x64.Build.0 = Release|Any CPU
		{55933217-B9D6-4D18-AB08-F4B10AEF83C3}.Release|x86.ActiveCfg = Release|Any CPU
		{55933217-B9D6-4D18-AB08-F4B10AEF83C3}.Release|x86.Build.0 = Release|Any CPU
		{61A3106B-B029-4B55-8F93-70F79F2257C8}.Debug|Any CPU.ActiveCfg = Debug|Any CPU
		{61A3106B-B029-4B55-8F93-70F79F2257C8}.Debug|Any CPU.Build.0 = Debug|Any CPU
		{61A3106B-B029-4B55-8F93-70F79F2257C8}.Debug|x64.ActiveCfg = Debug|Any CPU
		{61A3106B-B029-4B55-8F93-70F79F2257C8}.Debug|x64.Build.0 = Debug|Any CPU
		{61A3106B-B029-4B55-8F93-70F79F2257C8}.Debug|x86.ActiveCfg = Debug|Any CPU
		{61A3106B-B029-4B55-8F93-70F79F2257C8}.Debug|x86.Build.0 = Debug|Any CPU
		{61A3106B-B029-4B55-8F93-70F79F2257C8}.Release|Any CPU.ActiveCfg = Release|Any CPU
		{61A3106B-B029-4B55-8F93-70F79F2257C8}.Release|Any CPU.Build.0 = Release|Any CPU
		{61A3106B-B029-4B55-8F93-70F79F2257C8}.Release|x64.ActiveCfg = Release|Any CPU
		{61A3106B-B029-4B55-8F93-70F79F2257C8}.Release|x64.Build.0 = Release|Any CPU
		{61A3106B-B029-4B55-8F93-70F79F2257C8}.Release|x86.ActiveCfg = Release|Any CPU
		{61A3106B-B029-4B55-8F93-70F79F2257C8}.Release|x86.Build.0 = Release|Any CPU
		{145CCD23-4ED6-443D-B520-3ED1F375A63F}.Debug|Any CPU.ActiveCfg = Debug|Any CPU
		{145CCD23-4ED6-443D-B520-3ED1F375A63F}.Debug|Any CPU.Build.0 = Debug|Any CPU
		{145CCD23-4ED6-443D-B520-3ED1F375A63F}.Debug|x64.ActiveCfg = Debug|Any CPU
		{145CCD23-4ED6-443D-B520-3ED1F375A63F}.Debug|x64.Build.0 = Debug|Any CPU
		{145CCD23-4ED6-443D-B520-3ED1F375A63F}.Debug|x86.ActiveCfg = Debug|Any CPU
		{145CCD23-4ED6-443D-B520-3ED1F375A63F}.Debug|x86.Build.0 = Debug|Any CPU
		{145CCD23-4ED6-443D-B520-3ED1F375A63F}.Release|Any CPU.ActiveCfg = Release|Any CPU
		{145CCD23-4ED6-443D-B520-3ED1F375A63F}.Release|Any CPU.Build.0 = Release|Any CPU
		{145CCD23-4ED6-443D-B520-3ED1F375A63F}.Release|x64.ActiveCfg = Release|Any CPU
		{145CCD23-4ED6-443D-B520-3ED1F375A63F}.Release|x64.Build.0 = Release|Any CPU
		{145CCD23-4ED6-443D-B520-3ED1F375A63F}.Release|x86.ActiveCfg = Release|Any CPU
		{145CCD23-4ED6-443D-B520-3ED1F375A63F}.Release|x86.Build.0 = Release|Any CPU
		{77FE41B9-A511-4546-B546-622E549CF6DF}.Debug|Any CPU.ActiveCfg = Debug|Any CPU
		{77FE41B9-A511-4546-B546-622E549CF6DF}.Debug|Any CPU.Build.0 = Debug|Any CPU
		{77FE41B9-A511-4546-B546-622E549CF6DF}.Debug|x64.ActiveCfg = Debug|Any CPU
		{77FE41B9-A511-4546-B546-622E549CF6DF}.Debug|x64.Build.0 = Debug|Any CPU
		{77FE41B9-A511-4546-B546-622E549CF6DF}.Debug|x86.ActiveCfg = Debug|Any CPU
		{77FE41B9-A511-4546-B546-622E549CF6DF}.Debug|x86.Build.0 = Debug|Any CPU
		{77FE41B9-A511-4546-B546-622E549CF6DF}.Release|Any CPU.ActiveCfg = Release|Any CPU
		{77FE41B9-A511-4546-B546-622E549CF6DF}.Release|Any CPU.Build.0 = Release|Any CPU
		{77FE41B9-A511-4546-B546-622E549CF6DF}.Release|x64.ActiveCfg = Release|Any CPU
		{77FE41B9-A511-4546-B546-622E549CF6DF}.Release|x64.Build.0 = Release|Any CPU
		{77FE41B9-A511-4546-B546-622E549CF6DF}.Release|x86.ActiveCfg = Release|Any CPU
		{77FE41B9-A511-4546-B546-622E549CF6DF}.Release|x86.Build.0 = Release|Any CPU
		{C344BDA9-9415-4F4A-9667-EBBE4EF6ABA6}.Debug|Any CPU.ActiveCfg = Debug|Any CPU
		{C344BDA9-9415-4F4A-9667-EBBE4EF6ABA6}.Debug|Any CPU.Build.0 = Debug|Any CPU
		{C344BDA9-9415-4F4A-9667-EBBE4EF6ABA6}.Debug|x64.ActiveCfg = Debug|Any CPU
		{C344BDA9-9415-4F4A-9667-EBBE4EF6ABA6}.Debug|x64.Build.0 = Debug|Any CPU
		{C344BDA9-9415-4F4A-9667-EBBE4EF6ABA6}.Debug|x86.ActiveCfg = Debug|Any CPU
		{C344BDA9-9415-4F4A-9667-EBBE4EF6ABA6}.Debug|x86.Build.0 = Debug|Any CPU
		{C344BDA9-9415-4F4A-9667-EBBE4EF6ABA6}.Release|Any CPU.ActiveCfg = Release|Any CPU
		{C344BDA9-9415-4F4A-9667-EBBE4EF6ABA6}.Release|Any CPU.Build.0 = Release|Any CPU
		{C344BDA9-9415-4F4A-9667-EBBE4EF6ABA6}.Release|x64.ActiveCfg = Release|Any CPU
		{C344BDA9-9415-4F4A-9667-EBBE4EF6ABA6}.Release|x64.Build.0 = Release|Any CPU
		{C344BDA9-9415-4F4A-9667-EBBE4EF6ABA6}.Release|x86.ActiveCfg = Release|Any CPU
		{C344BDA9-9415-4F4A-9667-EBBE4EF6ABA6}.Release|x86.Build.0 = Release|Any CPU
		{580B62D6-CCF0-43B9-A414-FBD7F47136FB}.Debug|Any CPU.ActiveCfg = Debug|Any CPU
		{580B62D6-CCF0-43B9-A414-FBD7F47136FB}.Debug|Any CPU.Build.0 = Debug|Any CPU
		{580B62D6-CCF0-43B9-A414-FBD7F47136FB}.Debug|x64.ActiveCfg = Debug|Any CPU
		{580B62D6-CCF0-43B9-A414-FBD7F47136FB}.Debug|x64.Build.0 = Debug|Any CPU
		{580B62D6-CCF0-43B9-A414-FBD7F47136FB}.Debug|x86.ActiveCfg = Debug|Any CPU
		{580B62D6-CCF0-43B9-A414-FBD7F47136FB}.Debug|x86.Build.0 = Debug|Any CPU
		{580B62D6-CCF0-43B9-A414-FBD7F47136FB}.Release|Any CPU.ActiveCfg = Release|Any CPU
		{580B62D6-CCF0-43B9-A414-FBD7F47136FB}.Release|Any CPU.Build.0 = Release|Any CPU
		{580B62D6-CCF0-43B9-A414-FBD7F47136FB}.Release|x64.ActiveCfg = Release|Any CPU
		{580B62D6-CCF0-43B9-A414-FBD7F47136FB}.Release|x64.Build.0 = Release|Any CPU
		{580B62D6-CCF0-43B9-A414-FBD7F47136FB}.Release|x86.ActiveCfg = Release|Any CPU
		{580B62D6-CCF0-43B9-A414-FBD7F47136FB}.Release|x86.Build.0 = Release|Any CPU
		{C7A6467C-78A6-46BB-9FBA-DF8F1A94E2C7}.Debug|Any CPU.ActiveCfg = Debug|Any CPU
		{C7A6467C-78A6-46BB-9FBA-DF8F1A94E2C7}.Debug|Any CPU.Build.0 = Debug|Any CPU
		{C7A6467C-78A6-46BB-9FBA-DF8F1A94E2C7}.Debug|x64.ActiveCfg = Debug|Any CPU
		{C7A6467C-78A6-46BB-9FBA-DF8F1A94E2C7}.Debug|x64.Build.0 = Debug|Any CPU
		{C7A6467C-78A6-46BB-9FBA-DF8F1A94E2C7}.Debug|x86.ActiveCfg = Debug|Any CPU
		{C7A6467C-78A6-46BB-9FBA-DF8F1A94E2C7}.Debug|x86.Build.0 = Debug|Any CPU
		{C7A6467C-78A6-46BB-9FBA-DF8F1A94E2C7}.Release|Any CPU.ActiveCfg = Release|Any CPU
		{C7A6467C-78A6-46BB-9FBA-DF8F1A94E2C7}.Release|Any CPU.Build.0 = Release|Any CPU
		{C7A6467C-78A6-46BB-9FBA-DF8F1A94E2C7}.Release|x64.ActiveCfg = Release|Any CPU
		{C7A6467C-78A6-46BB-9FBA-DF8F1A94E2C7}.Release|x64.Build.0 = Release|Any CPU
		{C7A6467C-78A6-46BB-9FBA-DF8F1A94E2C7}.Release|x86.ActiveCfg = Release|Any CPU
		{C7A6467C-78A6-46BB-9FBA-DF8F1A94E2C7}.Release|x86.Build.0 = Release|Any CPU
		{41AA3C7D-DC51-44C2-A5C8-1E6543A0AEF5}.Debug|Any CPU.ActiveCfg = Debug|Any CPU
		{41AA3C7D-DC51-44C2-A5C8-1E6543A0AEF5}.Debug|Any CPU.Build.0 = Debug|Any CPU
		{41AA3C7D-DC51-44C2-A5C8-1E6543A0AEF5}.Debug|x64.ActiveCfg = Debug|Any CPU
		{41AA3C7D-DC51-44C2-A5C8-1E6543A0AEF5}.Debug|x64.Build.0 = Debug|Any CPU
		{41AA3C7D-DC51-44C2-A5C8-1E6543A0AEF5}.Debug|x86.ActiveCfg = Debug|Any CPU
		{41AA3C7D-DC51-44C2-A5C8-1E6543A0AEF5}.Debug|x86.Build.0 = Debug|Any CPU
		{41AA3C7D-DC51-44C2-A5C8-1E6543A0AEF5}.Release|Any CPU.ActiveCfg = Release|Any CPU
		{41AA3C7D-DC51-44C2-A5C8-1E6543A0AEF5}.Release|Any CPU.Build.0 = Release|Any CPU
		{41AA3C7D-DC51-44C2-A5C8-1E6543A0AEF5}.Release|x64.ActiveCfg = Release|Any CPU
		{41AA3C7D-DC51-44C2-A5C8-1E6543A0AEF5}.Release|x64.Build.0 = Release|Any CPU
		{41AA3C7D-DC51-44C2-A5C8-1E6543A0AEF5}.Release|x86.ActiveCfg = Release|Any CPU
		{41AA3C7D-DC51-44C2-A5C8-1E6543A0AEF5}.Release|x86.Build.0 = Release|Any CPU
		{A6C19E70-3600-4A43-ABFA-975F494B30A9}.Debug|Any CPU.ActiveCfg = Debug|Any CPU
		{A6C19E70-3600-4A43-ABFA-975F494B30A9}.Debug|Any CPU.Build.0 = Debug|Any CPU
		{A6C19E70-3600-4A43-ABFA-975F494B30A9}.Debug|x64.ActiveCfg = Debug|Any CPU
		{A6C19E70-3600-4A43-ABFA-975F494B30A9}.Debug|x64.Build.0 = Debug|Any CPU
		{A6C19E70-3600-4A43-ABFA-975F494B30A9}.Debug|x86.ActiveCfg = Debug|Any CPU
		{A6C19E70-3600-4A43-ABFA-975F494B30A9}.Debug|x86.Build.0 = Debug|Any CPU
		{A6C19E70-3600-4A43-ABFA-975F494B30A9}.Release|Any CPU.ActiveCfg = Release|Any CPU
		{A6C19E70-3600-4A43-ABFA-975F494B30A9}.Release|Any CPU.Build.0 = Release|Any CPU
		{A6C19E70-3600-4A43-ABFA-975F494B30A9}.Release|x64.ActiveCfg = Release|Any CPU
		{A6C19E70-3600-4A43-ABFA-975F494B30A9}.Release|x64.Build.0 = Release|Any CPU
		{A6C19E70-3600-4A43-ABFA-975F494B30A9}.Release|x86.ActiveCfg = Release|Any CPU
		{A6C19E70-3600-4A43-ABFA-975F494B30A9}.Release|x86.Build.0 = Release|Any CPU
		{9495B036-DB74-48C3-9063-276915E1D9F5}.Debug|Any CPU.ActiveCfg = Debug|Any CPU
		{9495B036-DB74-48C3-9063-276915E1D9F5}.Debug|Any CPU.Build.0 = Debug|Any CPU
		{9495B036-DB74-48C3-9063-276915E1D9F5}.Debug|x64.ActiveCfg = Debug|Any CPU
		{9495B036-DB74-48C3-9063-276915E1D9F5}.Debug|x64.Build.0 = Debug|Any CPU
		{9495B036-DB74-48C3-9063-276915E1D9F5}.Debug|x86.ActiveCfg = Debug|Any CPU
		{9495B036-DB74-48C3-9063-276915E1D9F5}.Debug|x86.Build.0 = Debug|Any CPU
		{9495B036-DB74-48C3-9063-276915E1D9F5}.Release|Any CPU.ActiveCfg = Release|Any CPU
		{9495B036-DB74-48C3-9063-276915E1D9F5}.Release|Any CPU.Build.0 = Release|Any CPU
		{9495B036-DB74-48C3-9063-276915E1D9F5}.Release|x64.ActiveCfg = Release|Any CPU
		{9495B036-DB74-48C3-9063-276915E1D9F5}.Release|x64.Build.0 = Release|Any CPU
		{9495B036-DB74-48C3-9063-276915E1D9F5}.Release|x86.ActiveCfg = Release|Any CPU
		{9495B036-DB74-48C3-9063-276915E1D9F5}.Release|x86.Build.0 = Release|Any CPU
		{A349BF39-72AB-4C36-91A6-D32BF5C69335}.Debug|Any CPU.ActiveCfg = Debug|Any CPU
		{A349BF39-72AB-4C36-91A6-D32BF5C69335}.Debug|Any CPU.Build.0 = Debug|Any CPU
		{A349BF39-72AB-4C36-91A6-D32BF5C69335}.Debug|x64.ActiveCfg = Debug|Any CPU
		{A349BF39-72AB-4C36-91A6-D32BF5C69335}.Debug|x64.Build.0 = Debug|Any CPU
		{A349BF39-72AB-4C36-91A6-D32BF5C69335}.Debug|x86.ActiveCfg = Debug|Any CPU
		{A349BF39-72AB-4C36-91A6-D32BF5C69335}.Debug|x86.Build.0 = Debug|Any CPU
		{A349BF39-72AB-4C36-91A6-D32BF5C69335}.Release|Any CPU.ActiveCfg = Release|Any CPU
		{A349BF39-72AB-4C36-91A6-D32BF5C69335}.Release|Any CPU.Build.0 = Release|Any CPU
		{A349BF39-72AB-4C36-91A6-D32BF5C69335}.Release|x64.ActiveCfg = Release|Any CPU
		{A349BF39-72AB-4C36-91A6-D32BF5C69335}.Release|x64.Build.0 = Release|Any CPU
		{A349BF39-72AB-4C36-91A6-D32BF5C69335}.Release|x86.ActiveCfg = Release|Any CPU
		{A349BF39-72AB-4C36-91A6-D32BF5C69335}.Release|x86.Build.0 = Release|Any CPU
		{F0197B15-101A-425D-A806-41A147DAB616}.Debug|Any CPU.ActiveCfg = Debug|Any CPU
		{F0197B15-101A-425D-A806-41A147DAB616}.Debug|Any CPU.Build.0 = Debug|Any CPU
		{F0197B15-101A-425D-A806-41A147DAB616}.Debug|x64.ActiveCfg = Debug|Any CPU
		{F0197B15-101A-425D-A806-41A147DAB616}.Debug|x64.Build.0 = Debug|Any CPU
		{F0197B15-101A-425D-A806-41A147DAB616}.Debug|x86.ActiveCfg = Debug|Any CPU
		{F0197B15-101A-425D-A806-41A147DAB616}.Debug|x86.Build.0 = Debug|Any CPU
		{F0197B15-101A-425D-A806-41A147DAB616}.Release|Any CPU.ActiveCfg = Release|Any CPU
		{F0197B15-101A-425D-A806-41A147DAB616}.Release|Any CPU.Build.0 = Release|Any CPU
		{F0197B15-101A-425D-A806-41A147DAB616}.Release|x64.ActiveCfg = Release|Any CPU
		{F0197B15-101A-425D-A806-41A147DAB616}.Release|x64.Build.0 = Release|Any CPU
		{F0197B15-101A-425D-A806-41A147DAB616}.Release|x86.ActiveCfg = Release|Any CPU
		{F0197B15-101A-425D-A806-41A147DAB616}.Release|x86.Build.0 = Release|Any CPU
		{E4725041-8CBA-4B47-AD9D-54C3C1426300}.Debug|Any CPU.ActiveCfg = Debug|Any CPU
		{E4725041-8CBA-4B47-AD9D-54C3C1426300}.Debug|Any CPU.Build.0 = Debug|Any CPU
		{E4725041-8CBA-4B47-AD9D-54C3C1426300}.Debug|x64.ActiveCfg = Debug|Any CPU
		{E4725041-8CBA-4B47-AD9D-54C3C1426300}.Debug|x64.Build.0 = Debug|Any CPU
		{E4725041-8CBA-4B47-AD9D-54C3C1426300}.Debug|x86.ActiveCfg = Debug|Any CPU
		{E4725041-8CBA-4B47-AD9D-54C3C1426300}.Debug|x86.Build.0 = Debug|Any CPU
		{E4725041-8CBA-4B47-AD9D-54C3C1426300}.Release|Any CPU.ActiveCfg = Release|Any CPU
		{E4725041-8CBA-4B47-AD9D-54C3C1426300}.Release|Any CPU.Build.0 = Release|Any CPU
		{E4725041-8CBA-4B47-AD9D-54C3C1426300}.Release|x64.ActiveCfg = Release|Any CPU
		{E4725041-8CBA-4B47-AD9D-54C3C1426300}.Release|x64.Build.0 = Release|Any CPU
		{E4725041-8CBA-4B47-AD9D-54C3C1426300}.Release|x86.ActiveCfg = Release|Any CPU
		{E4725041-8CBA-4B47-AD9D-54C3C1426300}.Release|x86.Build.0 = Release|Any CPU
		{B3DD879C-0BB5-48F3-9417-BB239D9DA76C}.Debug|Any CPU.ActiveCfg = Debug|Any CPU
		{B3DD879C-0BB5-48F3-9417-BB239D9DA76C}.Debug|Any CPU.Build.0 = Debug|Any CPU
		{B3DD879C-0BB5-48F3-9417-BB239D9DA76C}.Debug|x64.ActiveCfg = Debug|Any CPU
		{B3DD879C-0BB5-48F3-9417-BB239D9DA76C}.Debug|x64.Build.0 = Debug|Any CPU
		{B3DD879C-0BB5-48F3-9417-BB239D9DA76C}.Debug|x86.ActiveCfg = Debug|Any CPU
		{B3DD879C-0BB5-48F3-9417-BB239D9DA76C}.Debug|x86.Build.0 = Debug|Any CPU
		{B3DD879C-0BB5-48F3-9417-BB239D9DA76C}.Release|Any CPU.ActiveCfg = Release|Any CPU
		{B3DD879C-0BB5-48F3-9417-BB239D9DA76C}.Release|Any CPU.Build.0 = Release|Any CPU
		{B3DD879C-0BB5-48F3-9417-BB239D9DA76C}.Release|x64.ActiveCfg = Release|Any CPU
		{B3DD879C-0BB5-48F3-9417-BB239D9DA76C}.Release|x64.Build.0 = Release|Any CPU
		{B3DD879C-0BB5-48F3-9417-BB239D9DA76C}.Release|x86.ActiveCfg = Release|Any CPU
		{B3DD879C-0BB5-48F3-9417-BB239D9DA76C}.Release|x86.Build.0 = Release|Any CPU
		{980CFD1C-3167-40CD-B24F-98B4209E64B2}.Debug|Any CPU.ActiveCfg = Debug|Any CPU
		{980CFD1C-3167-40CD-B24F-98B4209E64B2}.Debug|Any CPU.Build.0 = Debug|Any CPU
		{980CFD1C-3167-40CD-B24F-98B4209E64B2}.Debug|x64.ActiveCfg = Debug|Any CPU
		{980CFD1C-3167-40CD-B24F-98B4209E64B2}.Debug|x64.Build.0 = Debug|Any CPU
		{980CFD1C-3167-40CD-B24F-98B4209E64B2}.Debug|x86.ActiveCfg = Debug|Any CPU
		{980CFD1C-3167-40CD-B24F-98B4209E64B2}.Debug|x86.Build.0 = Debug|Any CPU
		{980CFD1C-3167-40CD-B24F-98B4209E64B2}.Release|Any CPU.ActiveCfg = Release|Any CPU
		{980CFD1C-3167-40CD-B24F-98B4209E64B2}.Release|Any CPU.Build.0 = Release|Any CPU
		{980CFD1C-3167-40CD-B24F-98B4209E64B2}.Release|x64.ActiveCfg = Release|Any CPU
		{980CFD1C-3167-40CD-B24F-98B4209E64B2}.Release|x64.Build.0 = Release|Any CPU
		{980CFD1C-3167-40CD-B24F-98B4209E64B2}.Release|x86.ActiveCfg = Release|Any CPU
		{980CFD1C-3167-40CD-B24F-98B4209E64B2}.Release|x86.Build.0 = Release|Any CPU
		{A638DF9D-20B7-44FD-963F-C155629C80BF}.Debug|Any CPU.ActiveCfg = Debug|Any CPU
		{A638DF9D-20B7-44FD-963F-C155629C80BF}.Debug|Any CPU.Build.0 = Debug|Any CPU
		{A638DF9D-20B7-44FD-963F-C155629C80BF}.Debug|x64.ActiveCfg = Debug|Any CPU
		{A638DF9D-20B7-44FD-963F-C155629C80BF}.Debug|x64.Build.0 = Debug|Any CPU
		{A638DF9D-20B7-44FD-963F-C155629C80BF}.Debug|x86.ActiveCfg = Debug|Any CPU
		{A638DF9D-20B7-44FD-963F-C155629C80BF}.Debug|x86.Build.0 = Debug|Any CPU
		{A638DF9D-20B7-44FD-963F-C155629C80BF}.Release|Any CPU.ActiveCfg = Release|Any CPU
		{A638DF9D-20B7-44FD-963F-C155629C80BF}.Release|Any CPU.Build.0 = Release|Any CPU
		{A638DF9D-20B7-44FD-963F-C155629C80BF}.Release|x64.ActiveCfg = Release|Any CPU
		{A638DF9D-20B7-44FD-963F-C155629C80BF}.Release|x64.Build.0 = Release|Any CPU
		{A638DF9D-20B7-44FD-963F-C155629C80BF}.Release|x86.ActiveCfg = Release|Any CPU
		{A638DF9D-20B7-44FD-963F-C155629C80BF}.Release|x86.Build.0 = Release|Any CPU
		{46BC1BB4-654F-4AB1-A7A9-5CC8AE94EB29}.Debug|Any CPU.ActiveCfg = Debug|Any CPU
		{46BC1BB4-654F-4AB1-A7A9-5CC8AE94EB29}.Debug|Any CPU.Build.0 = Debug|Any CPU
		{46BC1BB4-654F-4AB1-A7A9-5CC8AE94EB29}.Debug|x64.ActiveCfg = Debug|Any CPU
		{46BC1BB4-654F-4AB1-A7A9-5CC8AE94EB29}.Debug|x64.Build.0 = Debug|Any CPU
		{46BC1BB4-654F-4AB1-A7A9-5CC8AE94EB29}.Debug|x86.ActiveCfg = Debug|Any CPU
		{46BC1BB4-654F-4AB1-A7A9-5CC8AE94EB29}.Debug|x86.Build.0 = Debug|Any CPU
		{46BC1BB4-654F-4AB1-A7A9-5CC8AE94EB29}.Release|Any CPU.ActiveCfg = Release|Any CPU
		{46BC1BB4-654F-4AB1-A7A9-5CC8AE94EB29}.Release|Any CPU.Build.0 = Release|Any CPU
		{46BC1BB4-654F-4AB1-A7A9-5CC8AE94EB29}.Release|x64.ActiveCfg = Release|Any CPU
		{46BC1BB4-654F-4AB1-A7A9-5CC8AE94EB29}.Release|x64.Build.0 = Release|Any CPU
		{46BC1BB4-654F-4AB1-A7A9-5CC8AE94EB29}.Release|x86.ActiveCfg = Release|Any CPU
		{46BC1BB4-654F-4AB1-A7A9-5CC8AE94EB29}.Release|x86.Build.0 = Release|Any CPU
		{3F51838A-FDAC-4193-805E-41CB2983AE2B}.Debug|Any CPU.ActiveCfg = Debug|Any CPU
		{3F51838A-FDAC-4193-805E-41CB2983AE2B}.Debug|Any CPU.Build.0 = Debug|Any CPU
		{3F51838A-FDAC-4193-805E-41CB2983AE2B}.Debug|x64.ActiveCfg = Debug|Any CPU
		{3F51838A-FDAC-4193-805E-41CB2983AE2B}.Debug|x64.Build.0 = Debug|Any CPU
		{3F51838A-FDAC-4193-805E-41CB2983AE2B}.Debug|x86.ActiveCfg = Debug|Any CPU
		{3F51838A-FDAC-4193-805E-41CB2983AE2B}.Debug|x86.Build.0 = Debug|Any CPU
		{3F51838A-FDAC-4193-805E-41CB2983AE2B}.Release|Any CPU.ActiveCfg = Release|Any CPU
		{3F51838A-FDAC-4193-805E-41CB2983AE2B}.Release|Any CPU.Build.0 = Release|Any CPU
		{3F51838A-FDAC-4193-805E-41CB2983AE2B}.Release|x64.ActiveCfg = Release|Any CPU
		{3F51838A-FDAC-4193-805E-41CB2983AE2B}.Release|x64.Build.0 = Release|Any CPU
		{3F51838A-FDAC-4193-805E-41CB2983AE2B}.Release|x86.ActiveCfg = Release|Any CPU
		{3F51838A-FDAC-4193-805E-41CB2983AE2B}.Release|x86.Build.0 = Release|Any CPU
		{3CDBC4B0-ABF4-4646-A7BA-A028881C0756}.Debug|Any CPU.ActiveCfg = Debug|Any CPU
		{3CDBC4B0-ABF4-4646-A7BA-A028881C0756}.Debug|Any CPU.Build.0 = Debug|Any CPU
		{3CDBC4B0-ABF4-4646-A7BA-A028881C0756}.Debug|x64.ActiveCfg = Debug|Any CPU
		{3CDBC4B0-ABF4-4646-A7BA-A028881C0756}.Debug|x64.Build.0 = Debug|Any CPU
		{3CDBC4B0-ABF4-4646-A7BA-A028881C0756}.Debug|x86.ActiveCfg = Debug|Any CPU
		{3CDBC4B0-ABF4-4646-A7BA-A028881C0756}.Debug|x86.Build.0 = Debug|Any CPU
		{3CDBC4B0-ABF4-4646-A7BA-A028881C0756}.Release|Any CPU.ActiveCfg = Release|Any CPU
		{3CDBC4B0-ABF4-4646-A7BA-A028881C0756}.Release|Any CPU.Build.0 = Release|Any CPU
		{3CDBC4B0-ABF4-4646-A7BA-A028881C0756}.Release|x64.ActiveCfg = Release|Any CPU
		{3CDBC4B0-ABF4-4646-A7BA-A028881C0756}.Release|x64.Build.0 = Release|Any CPU
		{3CDBC4B0-ABF4-4646-A7BA-A028881C0756}.Release|x86.ActiveCfg = Release|Any CPU
		{3CDBC4B0-ABF4-4646-A7BA-A028881C0756}.Release|x86.Build.0 = Release|Any CPU
		{594FD35A-2751-4980-BE0E-954424E7D3D0}.Debug|Any CPU.ActiveCfg = Debug|Any CPU
		{594FD35A-2751-4980-BE0E-954424E7D3D0}.Debug|Any CPU.Build.0 = Debug|Any CPU
		{594FD35A-2751-4980-BE0E-954424E7D3D0}.Debug|x64.ActiveCfg = Debug|Any CPU
		{594FD35A-2751-4980-BE0E-954424E7D3D0}.Debug|x64.Build.0 = Debug|Any CPU
		{594FD35A-2751-4980-BE0E-954424E7D3D0}.Debug|x86.ActiveCfg = Debug|Any CPU
		{594FD35A-2751-4980-BE0E-954424E7D3D0}.Debug|x86.Build.0 = Debug|Any CPU
		{594FD35A-2751-4980-BE0E-954424E7D3D0}.Release|Any CPU.ActiveCfg = Release|Any CPU
		{594FD35A-2751-4980-BE0E-954424E7D3D0}.Release|Any CPU.Build.0 = Release|Any CPU
		{594FD35A-2751-4980-BE0E-954424E7D3D0}.Release|x64.ActiveCfg = Release|Any CPU
		{594FD35A-2751-4980-BE0E-954424E7D3D0}.Release|x64.Build.0 = Release|Any CPU
		{594FD35A-2751-4980-BE0E-954424E7D3D0}.Release|x86.ActiveCfg = Release|Any CPU
		{594FD35A-2751-4980-BE0E-954424E7D3D0}.Release|x86.Build.0 = Release|Any CPU
		{3AF7FBDB-9E1C-41C8-84A0-C93DF1D15CBC}.Debug|Any CPU.ActiveCfg = Debug|Any CPU
		{3AF7FBDB-9E1C-41C8-84A0-C93DF1D15CBC}.Debug|Any CPU.Build.0 = Debug|Any CPU
		{3AF7FBDB-9E1C-41C8-84A0-C93DF1D15CBC}.Debug|x64.ActiveCfg = Debug|Any CPU
		{3AF7FBDB-9E1C-41C8-84A0-C93DF1D15CBC}.Debug|x64.Build.0 = Debug|Any CPU
		{3AF7FBDB-9E1C-41C8-84A0-C93DF1D15CBC}.Debug|x86.ActiveCfg = Debug|Any CPU
		{3AF7FBDB-9E1C-41C8-84A0-C93DF1D15CBC}.Debug|x86.Build.0 = Debug|Any CPU
		{3AF7FBDB-9E1C-41C8-84A0-C93DF1D15CBC}.Release|Any CPU.ActiveCfg = Release|Any CPU
		{3AF7FBDB-9E1C-41C8-84A0-C93DF1D15CBC}.Release|Any CPU.Build.0 = Release|Any CPU
		{3AF7FBDB-9E1C-41C8-84A0-C93DF1D15CBC}.Release|x64.ActiveCfg = Release|Any CPU
		{3AF7FBDB-9E1C-41C8-84A0-C93DF1D15CBC}.Release|x64.Build.0 = Release|Any CPU
		{3AF7FBDB-9E1C-41C8-84A0-C93DF1D15CBC}.Release|x86.ActiveCfg = Release|Any CPU
		{3AF7FBDB-9E1C-41C8-84A0-C93DF1D15CBC}.Release|x86.Build.0 = Release|Any CPU
		{92EB6904-92D2-4B4B-9871-5A8D1BDB08B7}.Debug|Any CPU.ActiveCfg = Debug|Any CPU
		{92EB6904-92D2-4B4B-9871-5A8D1BDB08B7}.Debug|Any CPU.Build.0 = Debug|Any CPU
		{92EB6904-92D2-4B4B-9871-5A8D1BDB08B7}.Debug|x64.ActiveCfg = Debug|Any CPU
		{92EB6904-92D2-4B4B-9871-5A8D1BDB08B7}.Debug|x64.Build.0 = Debug|Any CPU
		{92EB6904-92D2-4B4B-9871-5A8D1BDB08B7}.Debug|x86.ActiveCfg = Debug|Any CPU
		{92EB6904-92D2-4B4B-9871-5A8D1BDB08B7}.Debug|x86.Build.0 = Debug|Any CPU
		{92EB6904-92D2-4B4B-9871-5A8D1BDB08B7}.Release|Any CPU.ActiveCfg = Release|Any CPU
		{92EB6904-92D2-4B4B-9871-5A8D1BDB08B7}.Release|Any CPU.Build.0 = Release|Any CPU
		{92EB6904-92D2-4B4B-9871-5A8D1BDB08B7}.Release|x64.ActiveCfg = Release|Any CPU
		{92EB6904-92D2-4B4B-9871-5A8D1BDB08B7}.Release|x64.Build.0 = Release|Any CPU
		{92EB6904-92D2-4B4B-9871-5A8D1BDB08B7}.Release|x86.ActiveCfg = Release|Any CPU
		{92EB6904-92D2-4B4B-9871-5A8D1BDB08B7}.Release|x86.Build.0 = Release|Any CPU
		{FAA756B3-E7E2-4762-88AA-7D6EB4E7C807}.Debug|Any CPU.ActiveCfg = Debug|Any CPU
		{FAA756B3-E7E2-4762-88AA-7D6EB4E7C807}.Debug|Any CPU.Build.0 = Debug|Any CPU
		{FAA756B3-E7E2-4762-88AA-7D6EB4E7C807}.Debug|x64.ActiveCfg = Debug|Any CPU
		{FAA756B3-E7E2-4762-88AA-7D6EB4E7C807}.Debug|x64.Build.0 = Debug|Any CPU
		{FAA756B3-E7E2-4762-88AA-7D6EB4E7C807}.Debug|x86.ActiveCfg = Debug|Any CPU
		{FAA756B3-E7E2-4762-88AA-7D6EB4E7C807}.Debug|x86.Build.0 = Debug|Any CPU
		{FAA756B3-E7E2-4762-88AA-7D6EB4E7C807}.Release|Any CPU.ActiveCfg = Release|Any CPU
		{FAA756B3-E7E2-4762-88AA-7D6EB4E7C807}.Release|Any CPU.Build.0 = Release|Any CPU
		{FAA756B3-E7E2-4762-88AA-7D6EB4E7C807}.Release|x64.ActiveCfg = Release|Any CPU
		{FAA756B3-E7E2-4762-88AA-7D6EB4E7C807}.Release|x64.Build.0 = Release|Any CPU
		{FAA756B3-E7E2-4762-88AA-7D6EB4E7C807}.Release|x86.ActiveCfg = Release|Any CPU
		{FAA756B3-E7E2-4762-88AA-7D6EB4E7C807}.Release|x86.Build.0 = Release|Any CPU
		{AD89C43E-D937-4BCA-886D-E0131A4992F5}.Debug|Any CPU.ActiveCfg = Debug|Any CPU
		{AD89C43E-D937-4BCA-886D-E0131A4992F5}.Debug|Any CPU.Build.0 = Debug|Any CPU
		{AD89C43E-D937-4BCA-886D-E0131A4992F5}.Debug|x64.ActiveCfg = Debug|Any CPU
		{AD89C43E-D937-4BCA-886D-E0131A4992F5}.Debug|x64.Build.0 = Debug|Any CPU
		{AD89C43E-D937-4BCA-886D-E0131A4992F5}.Debug|x86.ActiveCfg = Debug|Any CPU
		{AD89C43E-D937-4BCA-886D-E0131A4992F5}.Debug|x86.Build.0 = Debug|Any CPU
		{AD89C43E-D937-4BCA-886D-E0131A4992F5}.Release|Any CPU.ActiveCfg = Release|Any CPU
		{AD89C43E-D937-4BCA-886D-E0131A4992F5}.Release|Any CPU.Build.0 = Release|Any CPU
		{AD89C43E-D937-4BCA-886D-E0131A4992F5}.Release|x64.ActiveCfg = Release|Any CPU
		{AD89C43E-D937-4BCA-886D-E0131A4992F5}.Release|x64.Build.0 = Release|Any CPU
		{AD89C43E-D937-4BCA-886D-E0131A4992F5}.Release|x86.ActiveCfg = Release|Any CPU
		{AD89C43E-D937-4BCA-886D-E0131A4992F5}.Release|x86.Build.0 = Release|Any CPU
		{4079B42F-58FB-4549-8A1E-D3C203410AEC}.Debug|Any CPU.ActiveCfg = Debug|Any CPU
		{4079B42F-58FB-4549-8A1E-D3C203410AEC}.Debug|Any CPU.Build.0 = Debug|Any CPU
		{4079B42F-58FB-4549-8A1E-D3C203410AEC}.Debug|x64.ActiveCfg = Debug|Any CPU
		{4079B42F-58FB-4549-8A1E-D3C203410AEC}.Debug|x64.Build.0 = Debug|Any CPU
		{4079B42F-58FB-4549-8A1E-D3C203410AEC}.Debug|x86.ActiveCfg = Debug|Any CPU
		{4079B42F-58FB-4549-8A1E-D3C203410AEC}.Debug|x86.Build.0 = Debug|Any CPU
		{4079B42F-58FB-4549-8A1E-D3C203410AEC}.Release|Any CPU.ActiveCfg = Release|Any CPU
		{4079B42F-58FB-4549-8A1E-D3C203410AEC}.Release|Any CPU.Build.0 = Release|Any CPU
		{4079B42F-58FB-4549-8A1E-D3C203410AEC}.Release|x64.ActiveCfg = Release|Any CPU
		{4079B42F-58FB-4549-8A1E-D3C203410AEC}.Release|x64.Build.0 = Release|Any CPU
		{4079B42F-58FB-4549-8A1E-D3C203410AEC}.Release|x86.ActiveCfg = Release|Any CPU
		{4079B42F-58FB-4549-8A1E-D3C203410AEC}.Release|x86.Build.0 = Release|Any CPU
		{94E25705-295C-4BEB-9DC9-9AB862738B8D}.Debug|Any CPU.ActiveCfg = Debug|Any CPU
		{94E25705-295C-4BEB-9DC9-9AB862738B8D}.Debug|Any CPU.Build.0 = Debug|Any CPU
		{94E25705-295C-4BEB-9DC9-9AB862738B8D}.Debug|x64.ActiveCfg = Debug|Any CPU
		{94E25705-295C-4BEB-9DC9-9AB862738B8D}.Debug|x64.Build.0 = Debug|Any CPU
		{94E25705-295C-4BEB-9DC9-9AB862738B8D}.Debug|x86.ActiveCfg = Debug|Any CPU
		{94E25705-295C-4BEB-9DC9-9AB862738B8D}.Debug|x86.Build.0 = Debug|Any CPU
		{94E25705-295C-4BEB-9DC9-9AB862738B8D}.Release|Any CPU.ActiveCfg = Release|Any CPU
		{94E25705-295C-4BEB-9DC9-9AB862738B8D}.Release|Any CPU.Build.0 = Release|Any CPU
		{94E25705-295C-4BEB-9DC9-9AB862738B8D}.Release|x64.ActiveCfg = Release|Any CPU
		{94E25705-295C-4BEB-9DC9-9AB862738B8D}.Release|x64.Build.0 = Release|Any CPU
		{94E25705-295C-4BEB-9DC9-9AB862738B8D}.Release|x86.ActiveCfg = Release|Any CPU
		{94E25705-295C-4BEB-9DC9-9AB862738B8D}.Release|x86.Build.0 = Release|Any CPU
		{1F9F7F46-43B4-4DB1-BAD8-AD508EB7B326}.Debug|Any CPU.ActiveCfg = Debug|Any CPU
		{1F9F7F46-43B4-4DB1-BAD8-AD508EB7B326}.Debug|Any CPU.Build.0 = Debug|Any CPU
		{1F9F7F46-43B4-4DB1-BAD8-AD508EB7B326}.Debug|x64.ActiveCfg = Debug|Any CPU
		{1F9F7F46-43B4-4DB1-BAD8-AD508EB7B326}.Debug|x64.Build.0 = Debug|Any CPU
		{1F9F7F46-43B4-4DB1-BAD8-AD508EB7B326}.Debug|x86.ActiveCfg = Debug|Any CPU
		{1F9F7F46-43B4-4DB1-BAD8-AD508EB7B326}.Debug|x86.Build.0 = Debug|Any CPU
		{1F9F7F46-43B4-4DB1-BAD8-AD508EB7B326}.Release|Any CPU.ActiveCfg = Release|Any CPU
		{1F9F7F46-43B4-4DB1-BAD8-AD508EB7B326}.Release|Any CPU.Build.0 = Release|Any CPU
		{1F9F7F46-43B4-4DB1-BAD8-AD508EB7B326}.Release|x64.ActiveCfg = Release|Any CPU
		{1F9F7F46-43B4-4DB1-BAD8-AD508EB7B326}.Release|x64.Build.0 = Release|Any CPU
		{1F9F7F46-43B4-4DB1-BAD8-AD508EB7B326}.Release|x86.ActiveCfg = Release|Any CPU
		{1F9F7F46-43B4-4DB1-BAD8-AD508EB7B326}.Release|x86.Build.0 = Release|Any CPU
		{64153330-5664-4099-A821-B33BD5B51ED5}.Debug|Any CPU.ActiveCfg = Debug|Any CPU
		{64153330-5664-4099-A821-B33BD5B51ED5}.Debug|Any CPU.Build.0 = Debug|Any CPU
		{64153330-5664-4099-A821-B33BD5B51ED5}.Debug|x64.ActiveCfg = Debug|Any CPU
		{64153330-5664-4099-A821-B33BD5B51ED5}.Debug|x64.Build.0 = Debug|Any CPU
		{64153330-5664-4099-A821-B33BD5B51ED5}.Debug|x86.ActiveCfg = Debug|Any CPU
		{64153330-5664-4099-A821-B33BD5B51ED5}.Debug|x86.Build.0 = Debug|Any CPU
		{64153330-5664-4099-A821-B33BD5B51ED5}.Release|Any CPU.ActiveCfg = Release|Any CPU
		{64153330-5664-4099-A821-B33BD5B51ED5}.Release|Any CPU.Build.0 = Release|Any CPU
		{64153330-5664-4099-A821-B33BD5B51ED5}.Release|x64.ActiveCfg = Release|Any CPU
		{64153330-5664-4099-A821-B33BD5B51ED5}.Release|x64.Build.0 = Release|Any CPU
		{64153330-5664-4099-A821-B33BD5B51ED5}.Release|x86.ActiveCfg = Release|Any CPU
		{64153330-5664-4099-A821-B33BD5B51ED5}.Release|x86.Build.0 = Release|Any CPU
		{BE618201-B609-462D-B222-14C7A7F9EF45}.Debug|Any CPU.ActiveCfg = Debug|Any CPU
		{BE618201-B609-462D-B222-14C7A7F9EF45}.Debug|Any CPU.Build.0 = Debug|Any CPU
		{BE618201-B609-462D-B222-14C7A7F9EF45}.Debug|x64.ActiveCfg = Debug|Any CPU
		{BE618201-B609-462D-B222-14C7A7F9EF45}.Debug|x64.Build.0 = Debug|Any CPU
		{BE618201-B609-462D-B222-14C7A7F9EF45}.Debug|x86.ActiveCfg = Debug|Any CPU
		{BE618201-B609-462D-B222-14C7A7F9EF45}.Debug|x86.Build.0 = Debug|Any CPU
		{BE618201-B609-462D-B222-14C7A7F9EF45}.Release|Any CPU.ActiveCfg = Release|Any CPU
		{BE618201-B609-462D-B222-14C7A7F9EF45}.Release|Any CPU.Build.0 = Release|Any CPU
		{BE618201-B609-462D-B222-14C7A7F9EF45}.Release|x64.ActiveCfg = Release|Any CPU
		{BE618201-B609-462D-B222-14C7A7F9EF45}.Release|x64.Build.0 = Release|Any CPU
		{BE618201-B609-462D-B222-14C7A7F9EF45}.Release|x86.ActiveCfg = Release|Any CPU
		{BE618201-B609-462D-B222-14C7A7F9EF45}.Release|x86.Build.0 = Release|Any CPU
	EndGlobalSection
	GlobalSection(SolutionProperties) = preSolution
		HideSolutionNode = FALSE
	EndGlobalSection
	GlobalSection(NestedProjects) = preSolution
		{55933217-B9D6-4D18-AB08-F4B10AEF83C3} = {6BC51303-7F02-4271-99ED-4FB0EF4845D8}
		{61A3106B-B029-4B55-8F93-70F79F2257C8} = {29556DAF-D256-48EA-BE95-94E86BFE0D22}
		{145CCD23-4ED6-443D-B520-3ED1F375A63F} = {29556DAF-D256-48EA-BE95-94E86BFE0D22}
		{77FE41B9-A511-4546-B546-622E549CF6DF} = {6BC51303-7F02-4271-99ED-4FB0EF4845D8}
		{C344BDA9-9415-4F4A-9667-EBBE4EF6ABA6} = {6BC51303-7F02-4271-99ED-4FB0EF4845D8}
		{580B62D6-CCF0-43B9-A414-FBD7F47136FB} = {29556DAF-D256-48EA-BE95-94E86BFE0D22}
		{41AA3C7D-DC51-44C2-A5C8-1E6543A0AEF5} = {FCB028EE-3C3B-4880-02AA-3A3FE9961568}
		{A6C19E70-3600-4A43-ABFA-975F494B30A9} = {FCB028EE-3C3B-4880-02AA-3A3FE9961568}
		{9495B036-DB74-48C3-9063-276915E1D9F5} = {FCB028EE-3C3B-4880-02AA-3A3FE9961568}
		{A349BF39-72AB-4C36-91A6-D32BF5C69335} = {51E56800-A682-637B-22A4-3BC77FC77BA1}
		{F0197B15-101A-425D-A806-41A147DAB616} = {51E56800-A682-637B-22A4-3BC77FC77BA1}
		{E4725041-8CBA-4B47-AD9D-54C3C1426300} = {51E56800-A682-637B-22A4-3BC77FC77BA1}
		{B3DD879C-0BB5-48F3-9417-BB239D9DA76C} = {F2480220-81FA-427B-4AAF-84FFB7AA017A}
		{980CFD1C-3167-40CD-B24F-98B4209E64B2} = {F2480220-81FA-427B-4AAF-84FFB7AA017A}
		{A638DF9D-20B7-44FD-963F-C155629C80BF} = {F2480220-81FA-427B-4AAF-84FFB7AA017A}
		{46BC1BB4-654F-4AB1-A7A9-5CC8AE94EB29} = {5580EB4C-A97D-3F56-7F83-5211FD8E74B8}
		{3F51838A-FDAC-4193-805E-41CB2983AE2B} = {5580EB4C-A97D-3F56-7F83-5211FD8E74B8}
		{3CDBC4B0-ABF4-4646-A7BA-A028881C0756} = {5580EB4C-A97D-3F56-7F83-5211FD8E74B8}
		{594FD35A-2751-4980-BE0E-954424E7D3D0} = {502A3771-F1A2-C5AE-E304-4CB2B675D6C7}
		{3AF7FBDB-9E1C-41C8-84A0-C93DF1D15CBC} = {502A3771-F1A2-C5AE-E304-4CB2B675D6C7}
		{92EB6904-92D2-4B4B-9871-5A8D1BDB08B7} = {502A3771-F1A2-C5AE-E304-4CB2B675D6C7}
		{FAA756B3-E7E2-4762-88AA-7D6EB4E7C807} = {B22083BC-7E17-C41F-F5A4-83AD80AC64A6}
		{AD89C43E-D937-4BCA-886D-E0131A4992F5} = {B22083BC-7E17-C41F-F5A4-83AD80AC64A6}
		{4079B42F-58FB-4549-8A1E-D3C203410AEC} = {B22083BC-7E17-C41F-F5A4-83AD80AC64A6}
		{94E25705-295C-4BEB-9DC9-9AB862738B8D} = {A5BDC44E-1E16-6059-A821-C8C236504AAA}
		{1F9F7F46-43B4-4DB1-BAD8-AD508EB7B326} = {A5BDC44E-1E16-6059-A821-C8C236504AAA}
		{64153330-5664-4099-A821-B33BD5B51ED5} = {A5BDC44E-1E16-6059-A821-C8C236504AAA}
	EndGlobalSection
	GlobalSection(ExtensibilityGlobals) = postSolution
		SolutionGuid = {A15F6F16-41BD-43F1-BF4A-17B4695A4D45}
	EndGlobalSection
EndGlobal
