
Microsoft Visual Studio Solution File, Format Version 12.00
# Visual Studio Version 16
# Copyright 2021 Yubico AB
# 
# Licensed under the Apache License, Version 2.0 (the "License").
# You may not use this file except in compliance with the License.
# You may obtain a copy of the License at
# 
#     http://www.apache.org/licenses/LICENSE-2.0
# 
# Unless required by applicable law or agreed to in writing, software
# distributed under the License is distributed on an "AS IS" BASIS,
# WITHOUT WARRANTIES OR CONDITIONS OF ANY KIND, either express or implied.
# See the License for the specific language governing permissions and
# limitations under the License.
VisualStudioVersion = 16.0.31129.286
MinimumVisualStudioVersion = 10.0.40219.1
Project("{9A19103F-16F7-4668-BE54-9A1E7A4F7556}") = "PivSampleCode", "PivSampleCode.csproj", "{71DFC680-5F70-48A7-8208-F02C4CF88E71}"
EndProject
Project("{9A19103F-16F7-4668-BE54-9A1E7A4F7556}") = "SharedSampleCode", "..\SharedSampleCode\SharedSampleCode.csproj", "{F4732FD7-E2E8-4A84-BDBE-4D45B2C4AFCE}"
EndProject
Global
	GlobalSection(SolutionConfigurationPlatforms) = preSolution
		Debug|Any CPU = Debug|Any CPU
		Release|Any CPU = Release|Any CPU
	EndGlobalSection
	GlobalSection(ProjectConfigurationPlatforms) = postSolution
		{71DFC680-5F70-48A7-8208-F02C4CF88E71}.Debug|Any CPU.ActiveCfg = Debug|Any CPU
		{71DFC680-5F70-48A7-8208-F02C4CF88E71}.Debug|Any CPU.Build.0 = Debug|Any CPU
		{71DFC680-5F70-48A7-8208-F02C4CF88E71}.Release|Any CPU.ActiveCfg = Release|Any CPU
		{71DFC680-5F70-48A7-8208-F02C4CF88E71}.Release|Any CPU.Build.0 = Release|Any CPU
		{F4732FD7-E2E8-4A84-BDBE-4D45B2C4AFCE}.Debug|Any CPU.ActiveCfg = Debug|Any CPU
		{F4732FD7-E2E8-4A84-BDBE-4D45B2C4AFCE}.Debug|Any CPU.Build.0 = Debug|Any CPU
		{F4732FD7-E2E8-4A84-BDBE-4D45B2C4AFCE}.Release|Any CPU.ActiveCfg = Release|Any CPU
		{F4732FD7-E2E8-4A84-BDBE-4D45B2C4AFCE}.Release|Any CPU.Build.0 = Release|Any CPU
	EndGlobalSection
	GlobalSection(SolutionProperties) = preSolution
		HideSolutionNode = FALSE
	EndGlobalSection
	GlobalSection(ExtensibilityGlobals) = postSolution
		SolutionGuid = {CDE0489C-B15B-43D2-BB9E-BDAF0F91DBDC}
	EndGlobalSection
EndGlobal
